github.com/KyleBanks/depth v1.2.1 h1:5h8fQADFrWtarTdtDudMmGsC7GPbOAu6RVB3ffsVFHc=
github.com/KyleBanks/depth v1.2.1/go.mod h1:jzSb9d0L43HxTQfT+oSA1EEp2q+ne2uh6XgeJcm8brE=
github.com/cenkalti/backoff/v4 v4.2.1 h1:y4OZtCnogmCPw98Zjyt5a6+QwPLGkiQsYW5oUqylYbM=
github.com/cenkalti/backoff/v4 v4.2.1/go.mod h1:Y3VNntkOUPxTVeUxJ/G5vcM//AlwfmyYozVcomhLiZE=
github.com/cespare/xxhash/v2 v2.3.0 h1:UL815xU9SqsFlibzuggzjXhog7bL6oX9BbNZnL2UFvs=
github.com/cespare/xxhash/v2 v2.3.0/go.mod h1:VGX0DQ3Q6kWi7AoAeZDth3/j3BFtOZR5XLFGgcrjCOs=
github.com/davecgh/go-spew v1.1.1 h1:vj9j/u1bqnvCEfJOwUhtlOARqs3+rkHYY13jYWTU97c=
github.com/davecgh/go-spew v1.1.1/go.mod h1:J7Y8YcW2NihsgmVo/mv3lAwl/skON4iLHjSsI+c5H38=
github.com/felixge/httpsnoop v1.0.4 h1:NFTV2Zj1bL4mc9sqWACXbQFVBBg2W3GPvqp8/ESS2Wg=
github.com/felixge/httpsnoop v1.0.4/go.mod h1:m8KPJKqk1gH5J9DgRY2ASl2lWCfGKXixSwevea8zH2U=
github.com/go-logr/logr v1.2.2/go.mod h1:jdQByPbusPIv2/zmleS9BjJVeZ6kBagPoEUsqbVz/1A=
github.com/go-logr/logr v1.4.3 h1:CjnDlHq8ikf6E492q6eKboGOC0T8CDaOvkHCIg8idEI=
github.com/go-logr/logr v1.4.3/go.mod h1:9T104GzyrTigFIr8wt5mBrctHMim0Nb2HLGrmQ40KvY=
github.com/go-logr/stdr v1.2.2 h1:hSWxHoqTgW2S2qGc0LTAI563KZ5YKYRhT3MFKZMbjag=
github.com/go-logr/stdr v1.2.2/go.mod h1:mMo/vtBO5dYbehREoey6XUKy/eSumjCCveDpRre4VKE=
github.com/go-openapi/jsonpointer v0.23.1 h1:1HBACs7XIwR2RcmItfdSFlALhGbe6S92p0ry4d1GWg4=
github.com/go-openapi/jsonpointer v0.23.1/go.mod h1:iWRmZTrGn7XwYhtPt/fvdSFj1OfNBngqRT2UG3BxSqY=
github.com/go-openapi/jsonreference v0.21.6 h1:NZ5nGfnaM1n4I43Xjm1e5/M2GjOwQwndQz22uhxwD+Y=
github.com/go-openapi/jsonreference v0.21.6/go.mod h1:xzbgtQ3ZbWxvET3AxdzCJlJt6vkovbf+IfSPJjD0tUY=
github.com/go-openapi/spec v0.22.5 h1:KhO7RBlKQfonUWX2WzQCoLIXVA6AcNqDGZ3a1Dutdlo=
github.com/go-openapi/spec v0.22.5/go.mod h1:vxpOtMya5TXtENXKE5bKqv5NjocVhyhxHrlZfvKnZ74=
github.com/go-openapi/swag v0.19.15 h1:D2NRCBzS9/pEY3gP9Nl8aDqGUcPFrwG2p+CNFrLyrCM=
github.com/go-openapi/swag/conv v0.26.1 h1:slr5FVkg9Wc3Y5zcwenD8Sd/PQ94b2I/QJI7N7KTBpg=
github.com/go-openapi/swag/conv v0.26.1/go.mod h1:mvQXgPptZk9GTrFgGwWvT4q+dN+zQej9JfmGwnipz1A=
github.com/go-openapi/swag/jsonname v0.26.1 h1:VReupaV6WxlAsCn0e4DUfgV6bPmINnPpyJDLqSfNPcE=
github.com/go-openapi/swag/jsonname v0.26.1/go.mod h1:OvdW6BoWoj33pTfi7x9vFrgmT+fk7aw0BRwvCE0YOuc=
github.com/go-openapi/swag/jsonutils v0.26.1 h1:2hdBfFkHg+7Wrz2VsCbeyR6hzkRDs7AztnMR2u84yOY=
github.com/go-openapi/swag/jsonutils v0.26.1/go.mod h1:U+RMJH3wa+6BRiphuRtIyI8fW9HPFqFQ4sHk2oRx0UQ=
github.com/go-openapi/swag/jsonutils/fixtures_test v0.26.1 h1:1CD7NiLLb/TXl3tOnFYU4b+mNfb5rtgHkaA+q7RMYYQ=
github.com/go-openapi/swag/jsonutils/fixtures_test v0.26.1/go.mod h1:ZWafc8nMdYzTE3uYY6W86f0n46+IF0g4uUyRhJw/kXc=
github.com/go-openapi/swag/loading v0.26.1 h1:E9K4wqXeROlhjFQ13K9zMz6ojFGXIggGe+ad1odrK9w=
github.com/go-openapi/swag/loading v0.26.1/go.mod h1:3qvRIlWzWdq1HvmldwmuJ2ohpcAryN6xVt2OTKd0/7E=
github.com/go-openapi/swag/stringutils v0.26.1 h1:f88uYyTso7TnHrKM/bUBsQ5e2wKf37cpgo6pvbzd9yU=
github.com/go-openapi/swag/stringutils v0.26.1/go.mod h1:Sc6d3bU8fgk5AyZR8/8jEQ+Is/Ald+TD/IIggPN8UJk=
github.com/go-openapi/swag/typeutils v0.26.1 h1:yg42FgMzRR6PVQ3M3qHz1s+Y6/P4HoJ3cBarXa3OVnU=
github.com/go-openapi/swag/typeutils v0.26.1/go.mod h1:VfnV+oUtSP2vCSCn2aJgnr8OevUYemyIzzS1VOzS10o=
github.com/go-openapi/swag/yamlutils v0.26.1 h1:0TSLK+lXs9vfIhAWzBeI/lOzEnIoot6WTCO1aAeWFTk=
github.com/go-openapi/swag/yamlutils v0.26.1/go.mod h1:7W5b7PRX9MxwL7TjeG7H8HkyBGRsIDRObhyMWFgBI2M=
github.com/go-openapi/testify/enable/yaml/v2 v2.5.1 h1:q9NtHwK4qHF7yZziBPvZyv7zWAIk8ok88Gh2mR6Jpc8=
github.com/go-openapi/testify/enable/yaml/v2 v2.5.1/go.mod h1:JW0MXIotCYps/XsgJnG3a8Q7rE5xAiBwoOD5OfaIQBk=
github.com/go-openapi/testify/v2 v2.5.1 h1:TMdhCaw8fUNraVSf3Omoob1dO/AzBfhtFAPW0an6sBo=
github.com/go-openapi/testify/v2 v2.5.1/go.mod h1:SgsVHtfooshd0tublTtJ50FPKhujf47YRqauXXOUxfw=
github.com/golang/protobuf v1.5.4 h1:i7eJL8qZTpSEXOPTxNKhASYpMn+8e5Q6AdndVa1dWek=
github.com/golang/protobuf v1.5.4/go.mod h1:lnTiLA8Wa4RWRcIUkrtSVa5nRhsEGBg48fD6rSs7xps=
github.com/google/go-cmp v0.7.0 h1:wk8382ETsv4JYUZwIsn6YpYiWiBsYLSJiTsyBybVuN8=
github.com/google/go-cmp v0.7.0/go.mod h1:pXiqmnSA92OHEEa9HXL2W4E7lf9JzCmGVUdgjX3N/iU=
github.com/google/uuid v1.6.0 h1:NIvaJDMOsjHA8n1jAhLSgzrAzy1Hgr+hNrb57e+94F0=
github.com/google/uuid v1.6.0/go.mod h1:TIyPZe4MgqvfeYDBFedMoGGpEw/LqOeaOT+nhxU+yHo=
github.com/grpc-ecosystem/grpc-gateway/v2 v2.19.0 h1:Wqo399gCIufwto+VfwCSvsnfGpF/w5E9CNxSwbpD6No=
github.com/grpc-ecosystem/grpc-gateway/v2 v2.19.0/go.mod h1:qmOFXW2epJhM0qSnUUYpldc7gVz2KMQwJ/QYCDIa7XU=
github.com/kr/pretty v0.3.1 h1:flRD4NNwYAUpkphVc1HcthR4KEIFJ65n8Mw5qdRn3LE=
github.com/kr/pretty v0.3.1/go.mod h1:hoEshYVHaxMs3cyo3Yncou5ZscifuDolrwPKZanG3xk=
github.com/kr/text v0.2.0 h1:5Nx0Ya0ZqY2ygV366QzturHI13Jq95ApcVaJBhpS+AY=
github.com/kr/text v0.2.0/go.mod h1:eLer722TekiGuMkidMxC/pM04lWEeraHUUmBw8l2grE=
github.com/pmezard/go-difflib v1.0.0 h1:4DBwDE0NGyQoBHbLQYPwSUPoCMWR5BEzIk/f1lZbAQM=
github.com/pmezard/go-difflib v1.0.0/go.mod h1:iKH77koFhYxTK1pcRnkKkqfTogsbg7gZNVY4sRDYZ/4=
github.com/rogpeppe/go-internal v1.14.1 h1:UQB4HGPB6osV0SQTLymcB4TgvyWu6ZyliaW0tI/otEQ=
github.com/rogpeppe/go-internal v1.14.1/go.mod h1:MaRKkUm5W0goXpeCfT7UZI6fk/L7L7so1lCWt35ZSgc=
github.com/rs/cors v1.11.1 h1:eU3gRzXLRK57F5rKMGMZURNdIG4EoAmX8k94r9wXWHA=
github.com/rs/cors v1.11.1/go.mod h1:XyqrcTp5zjWr1wsJ8PIRZssZ8b/WMcMf71DJnit4EMU=
github.com/stretchr/testify v1.11.1 h1:7s2iGBzp5EwR7/aIZr8ao5+dra3wiQyKjjFuvgVKu7U=
github.com/stretchr/testify v1.11.1/go.mod h1:wZwfW3scLgRK+23gO65QZefKpKQRnfz6sD981Nm4B6U=
github.com/swaggo/files/v2 v2.0.2 h1:Bq4tgS/yxLB/3nwOMcul5oLEUKa877Ykgz3CJMVbQKU=
github.com/swaggo/files/v2 v2.0.2/go.mod h1:TVqetIzZsO9OhHX1Am9sRf9LdrFZqoK49N37KON/jr0=
github.com/swaggo/http-swagger/v2 v2.0.2 h1:FKCdLsl+sFCx60KFsyM0rDarwiUSZ8DqbfSyIKC9OBg=
github.com/swaggo/http-swagger/v2 v2.0.2/go.mod h1:r7/GBkAWIfK6E/OLnE8fXnviHiDeAHmgIyooa4xm3AQ=
github.com/swaggo/swag v1.16.6 h1:qBNcx53ZaX+M5dxVyTrgQ0PJ/ACK+NzhwcbieTt+9yI=
github.com/swaggo/swag v1.16.6/go.mod h1:ngP2etMK5a0P3QBizic5MEwpRmluJZPHjXcMoj4Xesg=
go.opentelemetry.io/auto/sdk v1.2.1 h1:jXsnJ4Lmnqd11kwkBV2LgLoFMZKizbCi5fNZ/ipaZ64=
go.opentelemetry.io/auto/sdk v1.2.1/go.mod h1:KRTj+aOaElaLi+wW1kO/DZRXwkF4C5xPbEe3ZiIhN7Y=
go.opentelemetry.io/contrib/instrumentation/net/http/otelhttp v0.49.0 h1:jq9TW8u3so/bN+JPT166wjOI6/vQPF6Xe7nMNIltagk=
go.opentelemetry.io/contrib/instrumentation/net/http/otelhttp v0.49.0/go.mod h1:p8pYQP+m5XfbZm9fxtSKAbM6oIllS7s2AfxrChvc7iw=
go.opentelemetry.io/otel v1.43.0 h1:mYIM03dnh5zfN7HautFE4ieIig9amkNANT+xcVxAj9I=
go.opentelemetry.io/otel v1.43.0/go.mod h1:JuG+u74mvjvcm8vj8pI5XiHy1zDeoCS2LB1spIq7Ay0=
go.opentelemetry.io/otel/exporters/otlp/otlpmetric/otlpmetricgrpc v1.24.0 h1:f2jriWfOdldanBwS9jNBdeOKAQN7b4ugAMaNu1/1k9g=
go.opentelemetry.io/otel/exporters/otlp/otlpmetric/otlpmetricgrpc v1.24.0/go.mod h1:B+bcQI1yTY+N0vqMpoZbEN7+XU4tNM0DmUiOwebFJWI=
go.opentelemetry.io/otel/exporters/otlp/otlptrace v1.24.0 h1:t6wl9SPayj+c7lEIFgm4ooDBZVb01IhLB4InpomhRw8=
go.opentelemetry.io/otel/exporters/otlp/otlptrace v1.24.0/go.mod h1:iSDOcsnSA5INXzZtwaBPrKp/lWu/V14Dd+llD0oI2EA=
go.opentelemetry.io/otel/exporters/otlp/otlptrace/otlptracegrpc v1.24.0 h1:Mw5xcxMwlqoJd97vwPxA8isEaIoxsta9/Q51+TTJLGE=
go.opentelemetry.io/otel/exporters/otlp/otlptrace/otlptracegrpc v1.24.0/go.mod h1:CQNu9bj7o7mC6U7+CA/schKEYakYXWr79ucDHTMGhCM=
go.opentelemetry.io/otel/metric v1.43.0 h1:d7638QeInOnuwOONPp4JAOGfbCEpYb+K6DVWvdxGzgM=
go.opentelemetry.io/otel/metric v1.43.0/go.mod h1:RDnPtIxvqlgO8GRW18W6Z/4P462ldprJtfxHxyKd2PY=
go.opentelemetry.io/otel/sdk v1.43.0 h1:pi5mE86i5rTeLXqoF/hhiBtUNcrAGHLKQdhg4h4V9Dg=
go.opentelemetry.io/otel/sdk v1.43.0/go.mod h1:P+IkVU3iWukmiit/Yf9AWvpyRDlUeBaRg6Y+C58QHzg=
go.opentelemetry.io/otel/sdk/metric v1.43.0 h1:S88dyqXjJkuBNLeMcVPRFXpRw2fuwdvfCGLEo89fDkw=
go.opentelemetry.io/otel/sdk/metric v1.43.0/go.mod h1:C/RJtwSEJ5hzTiUz5pXF1kILHStzb9zFlIEe85bhj6A=
go.opentelemetry.io/otel/trace v1.43.0 h1:BkNrHpup+4k4w+ZZ86CZoHHEkohws8AY+WTX09nk+3A=
go.opentelemetry.io/otel/trace v1.43.0/go.mod h1:/QJhyVBUUswCphDVxq+8mld+AvhXZLhe+8WVFxiFff0=
go.opentelemetry.io/proto/otlp v1.1.0 h1:2Di21piLrCqJ3U3eXGCTPHE9R8Nh+0uglSnOyxikMeI=
go.opentelemetry.io/proto/otlp v1.1.0/go.mod h1:GpBHCBWiqvVLDqmHZsoMM3C5ySeKTC7ej/RNTae6MdY=
go.uber.org/goleak v1.3.0 h1:2K3zAYmnTNqV73imy9J1T3WC+gmCePx2hEGkimedGto=
go.uber.org/goleak v1.3.0/go.mod h1:CoHD4mav9JJNrW/WLlf7HGZPjdw8EucARQHekz1X6bE=
go.yaml.in/yaml/v3 v3.0.4 h1:tfq32ie2Jv2UxXFdLJdh3jXuOzWiL1fo0bu/FbuKpbc=
go.yaml.in/yaml/v3 v3.0.4/go.mod h1:DhzuOOF2ATzADvBadXxruRBLzYTpT36CKvDb3+aBEFg=
golang.org/x/mod v0.37.0 h1:vF1DjpVEshcIqoEaauuHebaLk1O1forxjxBaVn884JQ=
golang.org/x/mod v0.37.0/go.mod h1:m8S8VeM9r4dzDwjrKO0a1sZP3YjeMamRRlD+fmR2Q/0=
golang.org/x/net v0.56.0 h1:Rw8j/hFzGvJUZwNBXnAtf5sVDVt+65SK2C7IxCxZt5o=
golang.org/x/net v0.56.0/go.mod h1:D3Ku6r+V6JROoZK144D2XfMHFcMq/0zSfLelVTCFKec=
golang.org/x/sync v0.21.0 h1:HLII4xRRTtCRkxYp4HNFF0Js/Og6q2i++KXbg0gHCwM=
golang.org/x/sync v0.21.0/go.mod h1:9xrNwdLfx4jkKbNva9FpL6vEN7evnE43NNNJQ2LF3+0=
golang.org/x/sys v0.46.0 h1:noSf2Fq6F8DBgS+LysIkx7rIExoNHJsxOAtPp4rthXw=
golang.org/x/sys v0.46.0/go.mod h1:4GL1E5IUh+htKOUEOaiffhrAeqysfVGipDYzABqnCmw=
golang.org/x/text v0.38.0 h1:sXmwo9DwP3OK9EZ7PqAdaooSGozfl/3a6/xJcbzPRhE=
golang.org/x/text v0.38.0/go.mod h1:YXZt3QhHUKYT53r2lLKFIVi6Ao1jdzrTR/KQ09qyxF4=
golang.org/x/tools v0.46.0 h1:7jTurBkPZu4moS/Uy4OQT1M+QBlsj3wejyZwsT8Z7rk=
golang.org/x/tools v0.46.0/go.mod h1:FrD85F8l+NWL+9XWBSyVSHO6Ne4jutsfIFba7AWQ5Ys=
gonum.org/v1/gonum v0.16.0 h1:5+ul4Swaf3ESvrOnidPp4GZbzf0mxVQpDCYUQE7OJfk=
gonum.org/v1/gonum v0.16.0/go.mod h1:fef3am4MQ93R2HHpKnLk4/Tbh/s0+wqD5nfa6Pnwy4E=
google.golang.org/genproto/googleapis/api v0.0.0-20251202230838-ff82c1b0f217 h1:fCvbg86sFXwdrl5LgVcTEvNC+2txB5mgROGmRL5mrls=
google.golang.org/genproto/googleapis/api v0.0.0-20251202230838-ff82c1b0f217/go.mod h1:+rXWjjaukWZun3mLfjmVnQi18E1AsFbDN9QdJ5YXLto=
google.golang.org/genproto/googleapis/rpc v0.0.0-20260610212136-7ab31c22f7ad h1:45WmJvIV6C2+O/jjLkPUH+F3aOj/1miDoU2DD0+NWbg=
google.golang.org/genproto/googleapis/rpc v0.0.0-20260610212136-7ab31c22f7ad/go.mod h1:4Hqkh8ycfw05ld/3BWL7rJOSfebL2Q+DVDeRgYgxUU8=
google.golang.org/grpc v1.79.3 h1:sybAEdRIEtvcD68Gx7dmnwjZKlyfuc61Dyo9pGXXkKE=
google.golang.org/grpc v1.79.3/go.mod h1:KmT0Kjez+0dde/v2j9vzwoAScgEPx/Bw1CYChhHLrHQ=
google.golang.org/protobuf v1.36.11 h1:fV6ZwhNocDyBLK0dj+fg8ektcVegBBuEolpbTQyBNVE=
google.golang.org/protobuf v1.36.11/go.mod h1:HTf+CrKn2C3g5S8VImy6tdcUvCska2kB7j23XfzDpco=
gopkg.in/check.v1 v0.0.0-20161208181325-20d25e280405/go.mod h1:Co6ibVJAznAaIkqp8huTwlJQCZ016jof/cbN4VW5Yz0=
gopkg.in/check.v1 v1.0.0-20201130134442-10cb98267c6c h1:Hei/4ADfdWqJk1ZMxUNpqntNwaWcugrBjAiHlqqRiVk=
gopkg.in/check.v1 v1.0.0-20201130134442-10cb98267c6c/go.mod h1:JHkPIbrfpd72SG/EVd6muEfDQjcINNoR0C8j2r3qZ4Q=
gopkg.in/yaml.v3 v3.0.1 h1:fxVm/GzAzEWqLHuvctI91KS9hhNmmWOoWu0XTYJS7CA=
gopkg.in/yaml.v3 v3.0.1/go.mod h1:K4uyk7z7BCEPqu6E+C64Yfv1cQ7kz7rIZviUmN+EgEM=
